
Microsoft Visual Studio Solution File, Format Version 12.00
# Visual Studio Version 16
VisualStudioVersion = 16.0.30611.23
MinimumVisualStudioVersion = 10.0.40219.1
Project("{FAE04EC0-301F-11D3-BF4B-00C04F79EFBC}") = "CwiczeniaRozdział6", "CwiczeniaRozdział6.csproj", "{850DB902-9736-409A-A130-F43ED8A85F75}"
EndProject
Global
	GlobalSection(SolutionConfigurationPlatforms) = preSolution
		Debug|Any CPU = Debug|Any CPU
		Release|Any CPU = Release|Any CPU
	EndGlobalSection
	GlobalSection(ProjectConfigurationPlatforms) = postSolution
		{850DB902-9736-409A-A130-F43ED8A85F75}.Debug|Any CPU.ActiveCfg = Debug|Any CPU
		{850DB902-9736-409A-A130-F43ED8A85F75}.Debug|Any CPU.Build.0 = Debug|Any CPU
		{850DB902-9736-409A-A130-F43ED8A85F75}.Release|Any CPU.ActiveCfg = Release|Any CPU
		{850DB902-9736-409A-A130-F43ED8A85F75}.Release|Any CPU.Build.0 = Release|Any CPU
	EndGlobalSection
	GlobalSection(SolutionProperties) = preSolution
		HideSolutionNode = FALSE
	EndGlobalSection
	GlobalSection(ExtensibilityGlobals) = postSolution
		SolutionGuid = {2C1D920B-339E-48F4-A094-62B5D07598C6}
	EndGlobalSection
EndGlobal
